// !$*UTF8*$!
{
	archiveVersion = 1;
	classes = {
	};
	objectVersion = 46;
	objects = {

/* Begin PBXBuildFile section */
		96E5374B1BB1E8010058E6DC /* AppDelegate.swift in Sources */ = {isa = PBXBuildFile; fileRef = 96E5374A1BB1E8010058E6DC /* AppDelegate.swift */; };
		96E5374D1BB1E8010058E6DC /* ViewController.swift in Sources */ = {isa = PBXBuildFile; fileRef = 96E5374C1BB1E8010058E6DC /* ViewController.swift */; };
		96E537501BB1E8010058E6DC /* Main.storyboard in Resources */ = {isa = PBXBuildFile; fileRef = 96E5374E1BB1E8010058E6DC /* Main.storyboard */; };
		96E537521BB1E8010058E6DC /* Assets.xcassets in Resources */ = {isa = PBXBuildFile; fileRef = 96E537511BB1E8010058E6DC /* Assets.xcassets */; };
		96E537551BB1E8010058E6DC /* LaunchScreen.storyboard in Resources */ = {isa = PBXBuildFile; fileRef = 96E537531BB1E8010058E6DC /* LaunchScreen.storyboard */; };
		96E537601BB1E8010058E6DC /* red_blueTests.swift in Sources */ = {isa = PBXBuildFile; fileRef = 96E5375F1BB1E8010058E6DC /* red_blueTests.swift */; };
		96E5376B1BB1E8010058E6DC /* red_blueUITests.swift in Sources */ = {isa = PBXBuildFile; fileRef = 96E5376A1BB1E8010058E6DC /* red_blueUITests.swift */; };
/* End PBXBuildFile section */

/* Begin PBXContainerItemProxy section */
		96E5375C1BB1E8010058E6DC /* PBXContainerItemProxy */ = {
			isa = PBXContainerItemProxy;
			containerPortal = 96E5373F1BB1E8010058E6DC /* Project object */;
			proxyType = 1;
			remoteGlobalIDString = 96E537461BB1E8010058E6DC;
			remoteInfo = "red&blue";
		};
		96E537671BB1E8010058E6DC /* PBXContainerItemProxy */ = {
			isa = PBXContainerItemProxy;
			containerPortal = 96E5373F1BB1E8010058E6DC /* Project object */;
			proxyType = 1;
			remoteGlobalIDString = 96E537461BB1E8010058E6DC;
			remoteInfo = "red&blue";
		};
/* End PBXContainerItemProxy section */

/* Begin PBXFileReference section */
		96E537471BB1E8010058E6DC /* red&blue.app */ = {isa = PBXFileReference; explicitFileType = wrapper.application; includeInIndex = 0; path = "red&blue.app"; sourceTree = BUILT_PRODUCTS_DIR; };
		96E5374A1BB1E8010058E6DC /* AppDelegate.swift */ = {isa = PBXFileReference; lastKnownFileType = sourcecode.swift; path = AppDelegate.swift; sourceTree = "<group>"; };
		96E5374C1BB1E8010058E6DC /* ViewController.swift */ = {isa = PBXFileReference; lastKnownFileType = sourcecode.swift; path = ViewController.swift; sourceTree = "<group>"; };
		96E5374F1BB1E8010058E6DC /* Base */ = {isa = PBXFileReference; lastKnownFileType = file.storyboard; name = Base; path = Base.lproj/Main.storyboard; sourceTree = "<group>"; };
		96E537511BB1E8010058E6DC /* Assets.xcassets */ = {isa = PBXFileReference; lastKnownFileType = folder.assetcatalog; path = Assets.xcassets; sourceTree = "<group>"; };
		96E537541BB1E8010058E6DC /* Base */ = {isa = PBXFileReference; lastKnownFileType = file.storyboard; name = Base; path = Base.lproj/LaunchScreen.storyboard; sourceTree = "<group>"; };
		96E537561BB1E8010058E6DC /* Info.plist */ = {isa = PBXFileReference; lastKnownFileType = text.plist.xml; path = Info.plist; sourceTree = "<group>"; };
		96E5375B1BB1E8010058E6DC /* red&blueTests.xctest */ = {isa = PBXFileReference; explicitFileType = wrapper.cfbundle; includeInIndex = 0; path = "red&blueTests.xctest"; sourceTree = BUILT_PRODUCTS_DIR; };
		96E5375F1BB1E8010058E6DC /* red_blueTests.swift */ = {isa = PBXFileReference; lastKnownFileType = sourcecode.swift; path = red_blueTests.swift; sourceTree = "<group>"; };
		96E537611BB1E8010058E6DC /* Info.plist */ = {isa = PBXFileReference; lastKnownFileType = text.plist.xml; path = Info.plist; sourceTree = "<group>"; };
		96E537661BB1E8010058E6DC /* red&blueUITests.xctest */ = {isa = PBXFileReference; explicitFileType = wrapper.cfbundle; includeInIndex = 0; path = "red&blueUITests.xctest"; sourceTree = BUILT_PRODUCTS_DIR; };
		96E5376A1BB1E8010058E6DC /* red_blueUITests.swift */ = {isa = PBXFileReference; lastKnownFileType = sourcecode.swift; path = red_blueUITests.swift; sourceTree = "<group>"; };
		96E5376C1BB1E8010058E6DC /* Info.plist */ = {isa = PBXFileReference; lastKnownFileType = text.plist.xml; path = Info.plist; sourceTree = "<group>"; };
		96E537781BB1EB780058E6DC /* variables.playground */ = {isa = PBXFileReference; lastKnownFileType = file.playground; name = variables.playground; path = ../../../variables.playground; sourceTree = "<group>"; };
/* End PBXFileReference section */

/* Begin PBXFrameworksBuildPhase section */
		96E537441BB1E8010058E6DC /* Frameworks */ = {
			isa = PBXFrameworksBuildPhase;
			buildActionMask = 2147483647;
			files = (
			);
			runOnlyForDeploymentPostprocessing = 0;
		};
		96E537581BB1E8010058E6DC /* Frameworks */ = {
			isa = PBXFrameworksBuildPhase;
			buildActionMask = 2147483647;
			files = (
			);
			runOnlyForDeploymentPostprocessing = 0;
		};
		96E537631BB1E8010058E6DC /* Frameworks */ = {
			isa = PBXFrameworksBuildPhase;
			buildActionMask = 2147483647;
			files = (
			);
			runOnlyForDeploymentPostprocessing = 0;
		};
/* End PBXFrameworksBuildPhase section */

/* Begin PBXGroup section */
		96E5373E1BB1E8010058E6DC = {
			isa = PBXGroup;
			children = (
				96E537491BB1E8010058E6DC /* red&blue */,
				96E5375E1BB1E8010058E6DC /* red&blueTests */,
				96E537691BB1E8010058E6DC /* red&blueUITests */,
				96E537481BB1E8010058E6DC /* Products */,
			);
			sourceTree = "<group>";
		};
		96E537481BB1E8010058E6DC /* Products */ = {
			isa = PBXGroup;
			children = (
				96E537471BB1E8010058E6DC /* red&blue.app */,
				96E5375B1BB1E8010058E6DC /* red&blueTests.xctest */,
				96E537661BB1E8010058E6DC /* red&blueUITests.xctest */,
			);
			name = Products;
			sourceTree = "<group>";
		};
		96E537491BB1E8010058E6DC /* red&blue */ = {
			isa = PBXGroup;
			children = (
				96E5374A1BB1E8010058E6DC /* AppDelegate.swift */,
				96E5374C1BB1E8010058E6DC /* ViewController.swift */,
				96E5374E1BB1E8010058E6DC /* Main.storyboard */,
				96E537781BB1EB780058E6DC /* variables.playground */,
				96E537511BB1E8010058E6DC /* Assets.xcassets */,
				96E537531BB1E8010058E6DC /* LaunchScreen.storyboard */,
				96E537561BB1E8010058E6DC /* Info.plist */,
			);
			path = "red&blue";
			sourceTree = "<group>";
		};
		96E5375E1BB1E8010058E6DC /* red&blueTests */ = {
			isa = PBXGroup;
			children = (
				96E5375F1BB1E8010058E6DC /* red_blueTests.swift */,
				96E537611BB1E8010058E6DC /* Info.plist */,
			);
			path = "red&blueTests";
			sourceTree = "<group>";
		};
		96E537691BB1E8010058E6DC /* red&blueUITests */ = {
			isa = PBXGroup;
			children = (
				96E5376A1BB1E8010058E6DC /* red_blueUITests.swift */,
				96E5376C1BB1E8010058E6DC /* Info.plist */,
			);
			path = "red&blueUITests";
			sourceTree = "<group>";
		};
/* End PBXGroup section */

/* Begin PBXNativeTarget section */
		96E537461BB1E8010058E6DC /* red&blue */ = {
			isa = PBXNativeTarget;
			buildConfigurationList = 96E5376F1BB1E8010058E6DC /* Build configuration list for PBXNativeTarget "red&blue" */;
			buildPhases = (
				96E537431BB1E8010058E6DC /* Sources */,
				96E537441BB1E8010058E6DC /* Frameworks */,
				96E537451BB1E8010058E6DC /* Resources */,
			);
			buildRules = (
			);
			dependencies = (
			);
			name = "red&blue";
			productName = "red&blue";
			productReference = 96E537471BB1E8010058E6DC /* red&blue.app */;
			productType = "com.apple.product-type.application";
		};
		96E5375A1BB1E8010058E6DC /* red&blueTests */ = {
			isa = PBXNativeTarget;
			buildConfigurationList = 96E537721BB1E8010058E6DC /* Build configuration list for PBXNativeTarget "red&blueTests" */;
			buildPhases = (
				96E537571BB1E8010058E6DC /* Sources */,
				96E537581BB1E8010058E6DC /* Frameworks */,
				96E537591BB1E8010058E6DC /* Resources */,
			);
			buildRules = (
			);
			dependencies = (
				96E5375D1BB1E8010058E6DC /* PBXTargetDependency */,
			);
			name = "red&blueTests";
			productName = "red&blueTests";
			productReference = 96E5375B1BB1E8010058E6DC /* red&blueTests.xctest */;
			productType = "com.apple.product-type.bundle.unit-test";
		};
		96E537651BB1E8010058E6DC /* red&blueUITests */ = {
			isa = PBXNativeTarget;
			buildConfigurationList = 96E537751BB1E8010058E6DC /* Build configuration list for PBXNativeTarget "red&blueUITests" */;
			buildPhases = (
				96E537621BB1E8010058E6DC /* Sources */,
				96E537631BB1E8010058E6DC /* Frameworks */,
				96E537641BB1E8010058E6DC /* Resources */,
			);
			buildRules = (
			);
			dependencies = (
				96E537681BB1E8010058E6DC /* PBXTargetDependency */,
			);
			name = "red&blueUITests";
			productName = "red&blueUITests";
			productReference = 96E537661BB1E8010058E6DC /* red&blueUITests.xctest */;
			productType = "com.apple.product-type.bundle.ui-testing";
		};
/* End PBXNativeTarget section */

/* Begin PBXProject section */
		96E5373F1BB1E8010058E6DC /* Project object */ = {
			isa = PBXProject;
			attributes = {
				LastUpgradeCheck = 0700;
				ORGANIZATIONNAME = "Evan Leong";
				TargetAttributes = {
					96E537461BB1E8010058E6DC = {
						CreatedOnToolsVersion = 7.0;
					};
					96E5375A1BB1E8010058E6DC = {
						CreatedOnToolsVersion = 7.0;
						TestTargetID = 96E537461BB1E8010058E6DC;
					};
					96E537651BB1E8010058E6DC = {
						CreatedOnToolsVersion = 7.0;
						TestTargetID = 96E537461BB1E8010058E6DC;
					};
				};
			};
			buildConfigurationList = 96E537421BB1E8010058E6DC /* Build configuration list for PBXProject "red&blue" */;
			compatibilityVersion = "Xcode 3.2";
			developmentRegion = English;
			hasScannedForEncodings = 0;
			knownRegions = (
				en,
				Base,
			);
			mainGroup = 96E5373E1BB1E8010058E6DC;
			productRefGroup = 96E537481BB1E8010058E6DC /* Products */;
			projectDirPath = "";
			projectRoot = "";
			targets = (
				96E537461BB1E8010058E6DC /* red&blue */,
				96E5375A1BB1E8010058E6DC /* red&blueTests */,
				96E537651BB1E8010058E6DC /* red&blueUITests */,
			);
		};
/* End PBXProject section */

/* Begin PBXResourcesBuildPhase section */
		96E537451BB1E8010058E6DC /* Resources */ = {
			isa = PBXResourcesBuildPhase;
			buildActionMask = 2147483647;
			files = (
				96E537551BB1E8010058E6DC /* LaunchScreen.storyboard in Resources */,
				96E537521BB1E8010058E6DC /* Assets.xcassets in Resources */,
				96E537501BB1E8010058E6DC /* Main.storyboard in Resources */,
			);
			runOnlyForDeploymentPostprocessing = 0;
		};
		96E537591BB1E8010058E6DC /* Resources */ = {
			isa = PBXResourcesBuildPhase;
			buildActionMask = 2147483647;
			files = (
			);
			runOnlyForDeploymentPostprocessing = 0;
		};
		96E537641BB1E8010058E6DC /* Resources */ = {
			isa = PBXResourcesBuildPhase;
			buildActionMask = 2147483647;
			files = (
			);
			runOnlyForDeploymentPostprocessing = 0;
		};
/* End PBXResourcesBuildPhase section */

/* Begin PBXSourcesBuildPhase section */
		96E537431BB1E8010058E6DC /* Sources */ = {
			isa = PBXSourcesBuildPhase;
			buildActionMask = 2147483647;
			files = (
				96E5374D1BB1E8010058E6DC /* ViewController.swift in Sources */,
				96E5374B1BB1E8010058E6DC /* AppDelegate.swift in Sources */,
			);
			runOnlyForDeploymentPostprocessing = 0;
		};
		96E537571BB1E8010058E6DC /* Sources */ = {
			isa = PBXSourcesBuildPhase;
			buildActionMask = 2147483647;
			files = (
				96E537601BB1E8010058E6DC /* red_blueTests.swift in Sources */,
			);
			runOnlyForDeploymentPostprocessing = 0;
		};
		96E537621BB1E8010058E6DC /* Sources */ = {
			isa = PBXSourcesBuildPhase;
			buildActionMask = 2147483647;
			files = (
				96E5376B1BB1E8010058E6DC /* red_blueUITests.swift in Sources */,
			);
			runOnlyForDeploymentPostprocessing = 0;
		};
/* End PBXSourcesBuildPhase section */

/* Begin PBXTargetDependency section */
		96E5375D1BB1E8010058E6DC /* PBXTargetDependency */ = {
			isa = PBXTargetDependency;
			target = 96E537461BB1E8010058E6DC /* red&blue */;
			targetProxy = 96E5375C1BB1E8010058E6DC /* PBXContainerItemProxy */;
		};
		96E537681BB1E8010058E6DC /* PBXTargetDependency */ = {
			isa = PBXTargetDependency;
			target = 96E537461BB1E8010058E6DC /* red&blue */;
			targetProxy = 96E537671BB1E8010058E6DC /* PBXContainerItemProxy */;
		};
/* End PBXTargetDependency section */

/* Begin PBXVariantGroup section */
		96E5374E1BB1E8010058E6DC /* Main.storyboard */ = {
			isa = PBXVariantGroup;
			children = (
				96E5374F1BB1E8010058E6DC /* Base */,
			);
			name = Main.storyboard;
			sourceTree = "<group>";
		};
		96E537531BB1E8010058E6DC /* LaunchScreen.storyboard */ = {
			isa = PBXVariantGroup;
			children = (
				96E537541BB1E8010058E6DC /* Base */,
			);
			name = LaunchScreen.storyboard;
			sourceTree = "<group>";
		};
/* End PBXVariantGroup section */

/* Begin XCBuildConfiguration section */
		96E5376D1BB1E8010058E6DC /* Debug */ = {
			isa = XCBuildConfiguration;
			buildSettings = {
				ALWAYS_SEARCH_USER_PATHS = NO;
				CLANG_CXX_LANGUAGE_STANDARD = "gnu++0x";
				CLANG_CXX_LIBRARY = "libc++";
				CLANG_ENABLE_MODULES = YES;
				CLANG_ENABLE_OBJC_ARC = YES;
				CLANG_WARN_BOOL_CONVERSION = YES;
				CLANG_WARN_CONSTANT_CONVERSION = YES;
				CLANG_WARN_DIRECT_OBJC_ISA_USAGE = YES_ERROR;
				CLANG_WARN_EMPTY_BODY = YES;
				CLANG_WARN_ENUM_CONVERSION = YES;
				CLANG_WARN_INT_CONVERSION = YES;
				CLANG_WARN_OBJC_ROOT_CLASS = YES_ERROR;
				CLANG_WARN_UNREACHABLE_CODE = YES;
				CLANG_WARN__DUPLICATE_METHOD_MATCH = YES;
				"CODE_SIGN_IDENTITY[sdk=iphoneos*]" = "iPhone Developer";
				COPY_PHASE_STRIP = NO;
				DEBUG_INFORMATION_FORMAT = dwarf;
				ENABLE_STRICT_OBJC_MSGSEND = YES;
				ENABLE_TESTABILITY = YES;
				GCC_C_LANGUAGE_STANDARD = gnu99;
				GCC_DYNAMIC_NO_PIC = NO;
				GCC_NO_COMMON_BLOCKS = YES;
				GCC_OPTIMIZATION_LEVEL = 0;
				GCC_PREPROCESSOR_DEFINITIONS = (
					"DEBUG=1",
					"$(inherited)",
				);
				GCC_WARN_64_TO_32_BIT_CONVERSION = YES;
				GCC_WARN_ABOUT_RETURN_TYPE = YES_ERROR;
				GCC_WARN_UNDECLARED_SELECTOR = YES;
				GCC_WARN_UNINITIALIZED_AUTOS = YES_AGGRESSIVE;
				GCC_WARN_UNUSED_FUNCTION = YES;
				GCC_WARN_UNUSED_VARIABLE = YES;
				IPHONEOS_DEPLOYMENT_TARGET = 9.0;
				MTL_ENABLE_DEBUG_INFO = YES;
				ONLY_ACTIVE_ARCH = YES;
				SDKROOT = iphoneos;
				SWIFT_OPTIMIZATION_LEVEL = "-Onone";
			};
			name = Debug;
		};
		96E5376E1BB1E8010058E6DC /* Release */ = {
			isa = XCBuildConfiguration;
			buildSettings = {
				ALWAYS_SEARCH_USER_PATHS = NO;
				CLANG_CXX_LANGUAGE_STANDARD = "gnu++0x";
				CLANG_CXX_LIBRARY = "libc++";
				CLANG_ENABLE_MODULES = YES;
				CLANG_ENABLE_OBJC_ARC = YES;
				CLANG_WARN_BOOL_CONVERSION = YES;
				CLANG_WARN_CONSTANT_CONVERSION = YES;
				CLANG_WARN_DIRECT_OBJC_ISA_USAGE = YES_ERROR;
				CLANG_WARN_EMPTY_BODY = YES;
				CLANG_WARN_ENUM_CONVERSION = YES;
				CLANG_WARN_INT_CONVERSION = YES;
				CLANG_WARN_OBJC_ROOT_CLASS = YES_ERROR;
				CLANG_WARN_UNREACHABLE_CODE = YES;
				CLANG_WARN__DUPLICATE_METHOD_MATCH = YES;
				"CODE_SIGN_IDENTITY[sdk=iphoneos*]" = "iPhone Developer";
				COPY_PHASE_STRIP = NO;
				DEBUG_INFORMATION_FORMAT = "dwarf-with-dsym";
				ENABLE_NS_ASSERTIONS = NO;
				ENABLE_STRICT_OBJC_MSGSEND = YES;
				GCC_C_LANGUAGE_STANDARD = gnu99;
				GCC_NO_COMMON_BLOCKS = YES;
				GCC_WARN_64_TO_32_BIT_CONVERSION = YES;
				GCC_WARN_ABOUT_RETURN_TYPE = YES_ERROR;
				GCC_WARN_UNDECLARED_SELECTOR = YES;
				GCC_WARN_UNINITIALIZED_AUTOS = YES_AGGRESSIVE;
				GCC_WARN_UNUSED_FUNCTION = YES;
				GCC_WARN_UNUSED_VARIABLE = YES;
				IPHONEOS_DEPLOYMENT_TARGET = 9.0;
				MTL_ENABLE_DEBUG_INFO = NO;
				SDKROOT = iphoneos;
				VALIDATE_PRODUCT = YES;
			};
			name = Release;
		};
		96E537701BB1E8010058E6DC /* Debug */ = {
			isa = XCBuildConfiguration;
			buildSettings = {
				ASSETCATALOG_COMPILER_APPICON_NAME = AppIcon;
				INFOPLIST_FILE = "red&blue/Info.plist";
				LD_RUNPATH_SEARCH_PATHS = "$(inherited) @executable_path/Frameworks";
				PRODUCT_BUNDLE_IDENTIFIER = "com.evanleong.red-blue";
				PRODUCT_NAME = "$(TARGET_NAME)";
			};
			name = Debug;
		};
		96E537711BB1E8010058E6DC /* Release */ = {
			isa = XCBuildConfiguration;
			buildSettings = {
				ASSETCATALOG_COMPILER_APPICON_NAME = AppIcon;
				INFOPLIST_FILE = "red&blue/Info.plist";
				LD_RUNPATH_SEARCH_PATHS = "$(inherited) @executable_path/Frameworks";
				PRODUCT_BUNDLE_IDENTIFIER = "com.evanleong.red-blue";
				PRODUCT_NAME = "$(TARGET_NAME)";
			};
			name = Release;
		};
		96E537731BB1E8010058E6DC /* Debug */ = {
			isa = XCBuildConfiguration;
			buildSettings = {
				BUNDLE_LOADER = "$(TEST_HOST)";
				INFOPLIST_FILE = "red&blueTests/Info.plist";
				LD_RUNPATH_SEARCH_PATHS = "$(inherited) @executable_path/Frameworks @loader_path/Frameworks";
				PRODUCT_BUNDLE_IDENTIFIER = "com.evanleong.red-blueTests";
				PRODUCT_NAME = "$(TARGET_NAME)";
				TEST_HOST = "$(BUILT_PRODUCTS_DIR)/red&blue.app/red&blue";
			};
			name = Debug;
		};
		96E537741BB1E8010058E6DC /* Release */ = {
			isa = XCBuildConfiguration;
			buildSettings = {
				BUNDLE_LOADER = "$(TEST_HOST)";
				INFOPLIST_FILE = "red&blueTests/Info.plist";
				LD_RUNPATH_SEARCH_PATHS = "$(inherited) @executable_path/Frameworks @loader_path/Frameworks";
				PRODUCT_BUNDLE_IDENTIFIER = "com.evanleong.red-blueTests";
				PRODUCT_NAME = "$(TARGET_NAME)";
				TEST_HOST = "$(BUILT_PRODUCTS_DIR)/red&blue.app/red&blue";
			};
			name = Release;
		};
		96E537761BB1E8010058E6DC /* Debug */ = {
			isa = XCBuildConfiguration;
			buildSettings = {
				INFOPLIST_FILE = "red&blueUITests/Info.plist";
				LD_RUNPATH_SEARCH_PATHS = "$(inherited) @executable_path/Frameworks @loader_path/Frameworks";
				PRODUCT_BUNDLE_IDENTIFIER = "com.evanleong.red-blueUITests";
				PRODUCT_NAME = "$(TARGET_NAME)";
				TEST_TARGET_NAME = "red&blue";
				USES_XCTRUNNER = YES;
			};
			name = Debug;
		};
		96E537771BB1E8010058E6DC /* Release */ = {
			isa = XCBuildConfiguration;
			buildSettings = {
				INFOPLIST_FILE = "red&blueUITests/Info.plist";
				LD_RUNPATH_SEARCH_PATHS = "$(inherited) @executable_path/Frameworks @loader_path/Frameworks";
				PRODUCT_BUNDLE_IDENTIFIER = "com.evanleong.red-blueUITests";
				PRODUCT_NAME = "$(TARGET_NAME)";
				TEST_TARGET_NAME = "red&blue";
				USES_XCTRUNNER = YES;
			};
			name = Release;
		};
/* End XCBuildConfiguration section */

/* Begin XCConfigurationList section */
		96E537421BB1E8010058E6DC /* Build configuration list for PBXProject "red&blue" */ = {
			isa = XCConfigurationList;
			buildConfigurations = (
				96E5376D1BB1E8010058E6DC /* Debug */,
				96E5376E1BB1E8010058E6DC /* Release */,
			);
			defaultConfigurationIsVisible = 0;
			defaultConfigurationName = Release;
		};
		96E5376F1BB1E8010058E6DC /* Build configuration list for PBXNativeTarget "red&blue" */ = {
			isa = XCConfigurationList;
			buildConfigurations = (
				96E537701BB1E8010058E6DC /* Debug */,
				96E537711BB1E8010058E6DC /* Release */,
			);
			defaultConfigurationIsVisible = 0;
		};
		96E537721BB1E8010058E6DC /* Build configuration list for PBXNativeTarget "red&blueTests" */ = {
			isa = XCConfigurationList;
			buildConfigurations = (
				96E537731BB1E8010058E6DC /* Debug */,
				96E537741BB1E8010058E6DC /* Release */,
			);
			defaultConfigurationIsVisible = 0;
		};
		96E537751BB1E8010058E6DC /* Build configuration list for PBXNativeTarget "red&blueUITests" */ = {
			isa = XCConfigurationList;
			buildConfigurations = (
				96E537761BB1E8010058E6DC /* Debug */,
				96E537771BB1E8010058E6DC /* Release */,
			);
			defaultConfigurationIsVisible = 0;
		};
/* End XCConfigurationList section */
	};
	rootObject = 96E5373F1BB1E8010058E6DC /* Project object */;
}
